schema: '2.0'
stages:
  data_ingestion:
    cmd: python -m src.mlproject_demo.data.data_ingestion
    deps:
    - path: src/mlproject_demo/config/config.yaml
      hash: md5
      md5: 01d55387a459f6209d5eb4da941e8b20
      size: 411
    - path: src/mlproject_demo/data/data_ingestion.py
      hash: md5
      md5: 1a3760682f15f4d36d3cf845fa1f3e05
      size: 2624
    - path: src/mlproject_demo/utils/common.py
      hash: md5
      md5: 23e1ee0ea97a66d4a259deafbb2fa155
      size: 1992
    - path: src/mlproject_demo/utils/exception.py
      hash: md5
      md5: 38259c3b6114c74f179741330acd3a22
      size: 708
    - path: src/mlproject_demo/utils/logger.py
      hash: md5
      md5: 7bfa7fe0ed95880585ff4bf50e045f5a
      size: 473
    outs:
    - path: artifacts/raw/raw_data.csv
      hash: md5
      md5: 90b34c4cf312000a340d41e1f7de2fd4
      size: 3827951
    - path: artifacts/rent/rent_data.csv
      hash: md5
      md5: c5051d9547166b4e2b6e22a8ef1eb77d
      size: 1013622
    - path: artifacts/sale/sale_data.csv
      hash: md5
      md5: 4df97b2f62f1e5caf5138b3854ac020d
      size: 2814417
  data_transformation_rent:
    cmd: python -m src.mlproject_demo.data.data_transformation_rent
    deps:
    - path: artifacts/rent/rent_data.csv
      hash: md5
      md5: c5051d9547166b4e2b6e22a8ef1eb77d
      size: 1013622
    - path: src/mlproject_demo/config/config.yaml
      hash: md5
      md5: 01d55387a459f6209d5eb4da941e8b20
      size: 411
    - path: src/mlproject_demo/data/data_transformation_rent.py
      hash: md5
      md5: f6e7396d002a888f6d43a112d32ef4aa
      size: 4510
    - path: src/mlproject_demo/utils/common.py
      hash: md5
      md5: 23e1ee0ea97a66d4a259deafbb2fa155
      size: 1992
    - path: src/mlproject_demo/utils/exception.py
      hash: md5
      md5: 38259c3b6114c74f179741330acd3a22
      size: 708
    - path: src/mlproject_demo/utils/logger.py
      hash: md5
      md5: 7bfa7fe0ed95880585ff4bf50e045f5a
      size: 473
    outs:
    - path: artifacts/rent/transformed/X_test.npy
      hash: md5
      md5: 7d38bc7d1c12fbc8416cd5cbf1cf7601
      size: 14049376
    - path: artifacts/rent/transformed/X_train.npy
      hash: md5
      md5: 243fc90162fa48a657299037e5405cb4
      size: 56184928
    - path: artifacts/rent/transformed/preprocessor.pkl
      hash: md5
      md5: e2c1af3e1a0bf0a0158d4185751f1b1f
      size: 22988
    - path: artifacts/rent/transformed/y_test.npy
      hash: md5
      md5: 7d38bc7d1c12fbc8416cd5cbf1cf7601
      size: 14049376
    - path: artifacts/rent/transformed/y_train.npy
      hash: md5
      md5: 927287a1800870c08dff4201d65cdaa9
      size: 110728
  data_transformation_sale:
    cmd: python -m src.mlproject_demo.data.data_transformation_sale
    deps:
    - path: artifacts/sale/sale_data.csv
      hash: md5
      md5: 4df97b2f62f1e5caf5138b3854ac020d
      size: 2814417
    - path: src/mlproject_demo/config/config.yaml
      hash: md5
      md5: 01d55387a459f6209d5eb4da941e8b20
      size: 411
    - path: src/mlproject_demo/data/data_transformation_sale.py
      hash: md5
      md5: ab23a0078d05f275c3ca167c8abdcc7b
      size: 4510
    - path: src/mlproject_demo/utils/common.py
      hash: md5
      md5: 23e1ee0ea97a66d4a259deafbb2fa155
      size: 1992
    - path: src/mlproject_demo/utils/exception.py
      hash: md5
      md5: 38259c3b6114c74f179741330acd3a22
      size: 708
    - path: src/mlproject_demo/utils/logger.py
      hash: md5
      md5: 7bfa7fe0ed95880585ff4bf50e045f5a
      size: 473
    outs:
    - path: artifacts/sale/transformed/X_test.npy
      hash: md5
      md5: e54e4a35c3744cbcd3068af1727c97d2
      size: 99529848
    - path: artifacts/sale/transformed/X_train.npy
      hash: md5
      md5: e05763df5c499a930dc6db8564e9d702
      size: 398108488
    - path: artifacts/sale/transformed/preprocessor.pkl
      hash: md5
      md5: 544763f40038db042b0efa7503925808
      size: 56402
    - path: artifacts/sale/transformed/y_test.npy
      hash: md5
      md5: e54e4a35c3744cbcd3068af1727c97d2
      size: 99529848
    - path: artifacts/sale/transformed/y_train.npy
      hash: md5
      md5: 5943f7c5d459015aaabf2518ee2352bb
      size: 302872
